
Microsoft Visual Studio Solution File, Format Version 12.00
# Visual Studio Version 16
VisualStudioVersion = 16.0.31515.178
MinimumVisualStudioVersion = 10.0.40219.1
Project("{FAE04EC0-301F-11D3-BF4B-00C04F79EFBC}") = "Menu", "Menu\Menu.csproj", "{E61885FB-2857-4AB7-936F-E0FD78A83502}"
EndProject
Global
	GlobalSection(SolutionConfigurationPlatforms) = preSolution
		Debug|Any CPU = Debug|Any CPU
		Release|Any CPU = Release|Any CPU
	EndGlobalSection
	GlobalSection(ProjectConfigurationPlatforms) = postSolution
		{E61885FB-2857-4AB7-936F-E0FD78A83502}.Debug|Any CPU.ActiveCfg = Debug|Any CPU
		{E61885FB-2857-4AB7-936F-E0FD78A83502}.Debug|Any CPU.Build.0 = Debug|Any CPU
		{E61885FB-2857-4AB7-936F-E0FD78A83502}.Release|Any CPU.ActiveCfg = Release|Any CPU
		{E61885FB-2857-4AB7-936F-E0FD78A83502}.Release|Any CPU.Build.0 = Release|Any CPU
	EndGlobalSection
	GlobalSection(SolutionProperties) = preSolution
		HideSolutionNode = FALSE
	EndGlobalSection
	GlobalSection(ExtensibilityGlobals) = postSolution
		SolutionGuid = {33AD5750-B3B1-4878-B221-8B076332F9F7}
	EndGlobalSection
EndGlobal
